
Microsoft Visual Studio Solution File, Format Version 12.00
# Visual Studio Version 17
VisualStudioVersion = 17.0.31903.59
MinimumVisualStudioVersion = 10.0.40219.1
Project("{2150E333-8FDC-42A3-9474-1A3956D46DE8}") = "src", "src", "{48FD8F36-57DD-4032-A466-700FB1FBD205}"
EndProject
Project("{FAE04EC0-301F-11D3-BF4B-00C04F79EFBC}") = "DropShield.Api", "src\DropShield.Api\DropShield.Api.csproj", "{9C389DB5-629D-4223-BDF9-0CD5968B3793}"
EndProject
Project("{FAE04EC0-301F-11D3-BF4B-00C04F79EFBC}") = "DropShield.DemoStore", "src\DropShield.DemoStore\DropShield.DemoStore.csproj", "{37B13DA1-6E03-4432-BD43-FE93F5C2ABDF}"
EndProject
Project("{2150E333-8FDC-42A3-9474-1A3956D46DE8}") = "tests", "tests", "{1E8A2837-49DF-4CC1-9B0C-5FFEC42B8371}"
EndProject
Project("{FAE04EC0-301F-11D3-BF4B-00C04F79EFBC}") = "DropShield.Tests", "tests\DropShield.Tests\DropShield.Tests.csproj", "{D9DF8B62-675A-4B6A-B8E7-EF8EE5B72007}"
EndProject
Project("{2150E333-8FDC-42A3-9474-1A3956D46DE8}") = "demo", "demo", "{05F717E7-A814-4238-83B5-6B0C006322E0}"
EndProject
Project("{FAE04EC0-301F-11D3-BF4B-00C04F79EFBC}") = "DropShield.Demo", "demo\DropShield.Demo\DropShield.Demo.csproj", "{3323055B-11AE-4681-90C8-D16BF31380F3}"
EndProject
Global
	GlobalSection(SolutionConfigurationPlatforms) = preSolution
		Debug|Any CPU = Debug|Any CPU
		Release|Any CPU = Release|Any CPU
	EndGlobalSection
	GlobalSection(SolutionProperties) = preSolution
		HideSolutionNode = FALSE
	EndGlobalSection
	GlobalSection(ProjectConfigurationPlatforms) = postSolution
		{9C389DB5-629D-4223-BDF9-0CD5968B3793}.Debug|Any CPU.ActiveCfg = Debug|Any CPU
		{9C389DB5-629D-4223-BDF9-0CD5968B3793}.Debug|Any CPU.Build.0 = Debug|Any CPU
		{9C389DB5-629D-4223-BDF9-0CD5968B3793}.Release|Any CPU.ActiveCfg = Release|Any CPU
		{9C389DB5-629D-4223-BDF9-0CD5968B3793}.Release|Any CPU.Build.0 = Release|Any CPU
		{37B13DA1-6E03-4432-BD43-FE93F5C2ABDF}.Debug|Any CPU.ActiveCfg = Debug|Any CPU
		{37B13DA1-6E03-4432-BD43-FE93F5C2ABDF}.Debug|Any CPU.Build.0 = Debug|Any CPU
		{37B13DA1-6E03-4432-BD43-FE93F5C2ABDF}.Release|Any CPU.ActiveCfg = Release|Any CPU
		{37B13DA1-6E03-4432-BD43-FE93F5C2ABDF}.Release|Any CPU.Build.0 = Release|Any CPU
		{D9DF8B62-675A-4B6A-B8E7-EF8EE5B72007}.Debug|Any CPU.ActiveCfg = Debug|Any CPU
		{D9DF8B62-675A-4B6A-B8E7-EF8EE5B72007}.Debug|Any CPU.Build.0 = Debug|Any CPU
		{D9DF8B62-675A-4B6A-B8E7-EF8EE5B72007}.Release|Any CPU.ActiveCfg = Release|Any CPU
		{D9DF8B62-675A-4B6A-B8E7-EF8EE5B72007}.Release|Any CPU.Build.0 = Release|Any CPU
		{3323055B-11AE-4681-90C8-D16BF31380F3}.Debug|Any CPU.ActiveCfg = Debug|Any CPU
		{3323055B-11AE-4681-90C8-D16BF31380F3}.Debug|Any CPU.Build.0 = Debug|Any CPU
		{3323055B-11AE-4681-90C8-D16BF31380F3}.Release|Any CPU.ActiveCfg = Release|Any CPU
		{3323055B-11AE-4681-90C8-D16BF31380F3}.Release|Any CPU.Build.0 = Release|Any CPU
	EndGlobalSection
	GlobalSection(NestedProjects) = preSolution
		{9C389DB5-629D-4223-BDF9-0CD5968B3793} = {48FD8F36-57DD-4032-A466-700FB1FBD205}
		{37B13DA1-6E03-4432-BD43-FE93F5C2ABDF} = {48FD8F36-57DD-4032-A466-700FB1FBD205}
		{D9DF8B62-675A-4B6A-B8E7-EF8EE5B72007} = {1E8A2837-49DF-4CC1-9B0C-5FFEC42B8371}
		{3323055B-11AE-4681-90C8-D16BF31380F3} = {05F717E7-A814-4238-83B5-6B0C006322E0}
	EndGlobalSection
EndGlobal
